// !$*UTF8*$!
{
	archiveVersion = 1;
	classes = {
	};
	objectVersion = 55;
	objects = {

/* Begin PBXBuildFile section */
		8ABADE22DD3BEB63DA901772 /* Pods_Bookie.framework in Frameworks */ = {isa = PBXBuildFile; fileRef = C707B4B87A2E5F043AE5B513 /* Pods_Bookie.framework */; };
		AD3AB868287495190082C8D6 /* BookCell.swift in Sources */ = {isa = PBXBuildFile; fileRef = AD3AB867287495190082C8D6 /* BookCell.swift */; };
		AD3AB86A287496110082C8D6 /* SearchViewController.swift in Sources */ = {isa = PBXBuildFile; fileRef = AD3AB869287496110082C8D6 /* SearchViewController.swift */; };
		AD3AB86C2874971E0082C8D6 /* BookSearch.swift in Sources */ = {isa = PBXBuildFile; fileRef = AD3AB86B2874971E0082C8D6 /* BookSearch.swift */; };
		AD3AB86E28749A1C0082C8D6 /* NetworkRequest.swift in Sources */ = {isa = PBXBuildFile; fileRef = AD3AB86D28749A1C0082C8D6 /* NetworkRequest.swift */; };
		AD3AB8702874AB050082C8D6 /* SearchResponse.swift in Sources */ = {isa = PBXBuildFile; fileRef = AD3AB86F2874AB050082C8D6 /* SearchResponse.swift */; };
		AD3AB872287500040082C8D6 /* Constants&Colors.swift in Sources */ = {isa = PBXBuildFile; fileRef = AD3AB871287500040082C8D6 /* Constants&Colors.swift */; };
		AD442CB5289ACE27005198C1 /* NavigationController.swift in Sources */ = {isa = PBXBuildFile; fileRef = AD442CB4289ACE27005198C1 /* NavigationController.swift */; };
		AD529F8D2887044E00EB3C63 /* NotesTextView.framework in Frameworks */ = {isa = PBXBuildFile; fileRef = AD529F8B2887042B00EB3C63 /* NotesTextView.framework */; platformFilter = ios; };
		AD529F8E2887044E00EB3C63 /* NotesTextView.framework in Embed Frameworks */ = {isa = PBXBuildFile; fileRef = AD529F8B2887042B00EB3C63 /* NotesTextView.framework */; platformFilter = ios; settings = {ATTRIBUTES = (CodeSignOnCopy, RemoveHeadersOnCopy, ); }; };
		AD61C50628732CC200978F46 /* AppDelegate.swift in Sources */ = {isa = PBXBuildFile; fileRef = AD61C50528732CC200978F46 /* AppDelegate.swift */; };
		AD61C50828732CC200978F46 /* SceneDelegate.swift in Sources */ = {isa = PBXBuildFile; fileRef = AD61C50728732CC200978F46 /* SceneDelegate.swift */; };
		AD61C50D28732CC200978F46 /* Main.storyboard in Resources */ = {isa = PBXBuildFile; fileRef = AD61C50B28732CC200978F46 /* Main.storyboard */; };
		AD61C51028732CC200978F46 /* Bookie.xcdatamodeld in Sources */ = {isa = PBXBuildFile; fileRef = AD61C50E28732CC200978F46 /* Bookie.xcdatamodeld */; };
		AD61C51228732CC700978F46 /* Assets.xcassets in Resources */ = {isa = PBXBuildFile; fileRef = AD61C51128732CC700978F46 /* Assets.xcassets */; };
		AD61C51528732CC700978F46 /* LaunchScreen.storyboard in Resources */ = {isa = PBXBuildFile; fileRef = AD61C51328732CC700978F46 /* LaunchScreen.storyboard */; };
		AD61C51E28732D4A00978F46 /* BookShelfViewController.swift in Sources */ = {isa = PBXBuildFile; fileRef = AD61C51D28732D4A00978F46 /* BookShelfViewController.swift */; };
		AD6846102876049000F9607D /* MapKit.framework in Frameworks */ = {isa = PBXBuildFile; fileRef = AD68460F2876049000F9607D /* MapKit.framework */; };
		AD6A1723289DBA90004218BE /* AnimationManager.swift in Sources */ = {isa = PBXBuildFile; fileRef = AD6A1722289DBA90004218BE /* AnimationManager.swift */; };
		AD9664C02891971E00095319 /* PDFCreator.swift in Sources */ = {isa = PBXBuildFile; fileRef = AD9664BF2891971E00095319 /* PDFCreator.swift */; };
		ADABA2D02876209800449CDA /* pageFlip.mp3 in Resources */ = {isa = PBXBuildFile; fileRef = ADABA2CF2876209800449CDA /* pageFlip.mp3 */; };
		ADABA2D2287620D800449CDA /* SoundEffects.swift in Sources */ = {isa = PBXBuildFile; fileRef = ADABA2D1287620D800449CDA /* SoundEffects.swift */; };
		ADABA2D52876229F00449CDA /* deletion.mp3 in Resources */ = {isa = PBXBuildFile; fileRef = ADABA2D32876229F00449CDA /* deletion.mp3 */; };
		ADABA2D62876229F00449CDA /* bookClose.mp3 in Resources */ = {isa = PBXBuildFile; fileRef = ADABA2D42876229F00449CDA /* bookClose.mp3 */; };
		ADD449A628733878006930F0 /* ChaptersViewController.swift in Sources */ = {isa = PBXBuildFile; fileRef = ADD449A528733878006930F0 /* ChaptersViewController.swift */; };
		ADD449A828734304006930F0 /* CoreDataManager.swift in Sources */ = {isa = PBXBuildFile; fileRef = ADD449A728734304006930F0 /* CoreDataManager.swift */; };
		ADECEF49287DE39600AC692E /* Extensions.swift in Sources */ = {isa = PBXBuildFile; fileRef = ADECEF48287DE39600AC692E /* Extensions.swift */; };
		ADF0EC5E2873648E00739526 /* NoteViewController.swift in Sources */ = {isa = PBXBuildFile; fileRef = ADF0EC5D2873648E00739526 /* NoteViewController.swift */; };
/* End PBXBuildFile section */

/* Begin PBXCopyFilesBuildPhase section */
		AD529F862885FC4500EB3C63 /* Embed Frameworks */ = {
			isa = PBXCopyFilesBuildPhase;
			buildActionMask = 2147483647;
			dstPath = "";
			dstSubfolderSpec = 10;
			files = (
				AD529F8E2887044E00EB3C63 /* NotesTextView.framework in Embed Frameworks */,
			);
			name = "Embed Frameworks";
			runOnlyForDeploymentPostprocessing = 0;
		};
/* End PBXCopyFilesBuildPhase section */

/* Begin PBXFileReference section */
		28E136428F782B952285FE47 /* Pods-Bookie.debug.xcconfig */ = {isa = PBXFileReference; includeInIndex = 1; lastKnownFileType = text.xcconfig; name = "Pods-Bookie.debug.xcconfig"; path = "Target Support Files/Pods-Bookie/Pods-Bookie.debug.xcconfig"; sourceTree = "<group>"; };
		316E0F8523B4E0A3681011A0 /* Pods-Bookie.release.xcconfig */ = {isa = PBXFileReference; includeInIndex = 1; lastKnownFileType = text.xcconfig; name = "Pods-Bookie.release.xcconfig"; path = "Target Support Files/Pods-Bookie/Pods-Bookie.release.xcconfig"; sourceTree = "<group>"; };
		AD38045E2878B5CA00054ABC /* Bookie.entitlements */ = {isa = PBXFileReference; lastKnownFileType = text.plist.entitlements; path = Bookie.entitlements; sourceTree = "<group>"; };
		AD3AB867287495190082C8D6 /* BookCell.swift */ = {isa = PBXFileReference; lastKnownFileType = sourcecode.swift; path = BookCell.swift; sourceTree = "<group>"; };
		AD3AB869287496110082C8D6 /* SearchViewController.swift */ = {isa = PBXFileReference; lastKnownFileType = sourcecode.swift; path = SearchViewController.swift; sourceTree = "<group>"; };
		AD3AB86B2874971E0082C8D6 /* BookSearch.swift */ = {isa = PBXFileReference; lastKnownFileType = sourcecode.swift; path = BookSearch.swift; sourceTree = "<group>"; };
		AD3AB86D28749A1C0082C8D6 /* NetworkRequest.swift */ = {isa = PBXFileReference; lastKnownFileType = sourcecode.swift; path = NetworkRequest.swift; sourceTree = "<group>"; };
		AD3AB86F2874AB050082C8D6 /* SearchResponse.swift */ = {isa = PBXFileReference; lastKnownFileType = sourcecode.swift; path = SearchResponse.swift; sourceTree = "<group>"; };
		AD3AB871287500040082C8D6 /* Constants&Colors.swift */ = {isa = PBXFileReference; lastKnownFileType = sourcecode.swift; path = "Constants&Colors.swift"; sourceTree = "<group>"; };
		AD442CB4289ACE27005198C1 /* NavigationController.swift */ = {isa = PBXFileReference; lastKnownFileType = sourcecode.swift; path = NavigationController.swift; sourceTree = "<group>"; };
		AD529F8B2887042B00EB3C63 /* NotesTextView.framework */ = {isa = PBXFileReference; lastKnownFileType = wrapper.framework; path = NotesTextView.framework; sourceTree = "<group>"; };
		AD529F8F28870E3900EB3C63 /* ReadMe.md */ = {isa = PBXFileReference; lastKnownFileType = net.daringfireball.markdown; path = ReadMe.md; sourceTree = "<group>"; };
		AD61C50228732CC200978F46 /* Bookie.app */ = {isa = PBXFileReference; explicitFileType = wrapper.application; includeInIndex = 0; path = Bookie.app; sourceTree = BUILT_PRODUCTS_DIR; };
		AD61C50528732CC200978F46 /* AppDelegate.swift */ = {isa = PBXFileReference; lastKnownFileType = sourcecode.swift; path = AppDelegate.swift; sourceTree = "<group>"; };
		AD61C50728732CC200978F46 /* SceneDelegate.swift */ = {isa = PBXFileReference; lastKnownFileType = sourcecode.swift; path = SceneDelegate.swift; sourceTree = "<group>"; };
		AD61C50C28732CC200978F46 /* Base */ = {isa = PBXFileReference; lastKnownFileType = file.storyboard; name = Base; path = Base.lproj/Main.storyboard; sourceTree = "<group>"; };
		AD61C50F28732CC200978F46 /* Bookie.xcdatamodel */ = {isa = PBXFileReference; lastKnownFileType = wrapper.xcdatamodel; path = Bookie.xcdatamodel; sourceTree = "<group>"; };
		AD61C51128732CC700978F46 /* Assets.xcassets */ = {isa = PBXFileReference; lastKnownFileType = folder.assetcatalog; path = Assets.xcassets; sourceTree = "<group>"; };
		AD61C51428732CC700978F46 /* Base */ = {isa = PBXFileReference; lastKnownFileType = file.storyboard; name = Base; path = Base.lproj/LaunchScreen.storyboard; sourceTree = "<group>"; };
		AD61C51628732CC700978F46 /* Info.plist */ = {isa = PBXFileReference; lastKnownFileType = text.plist.xml; path = Info.plist; sourceTree = "<group>"; };
		AD61C51D28732D4A00978F46 /* BookShelfViewController.swift */ = {isa = PBXFileReference; lastKnownFileType = sourcecode.swift; path = BookShelfViewController.swift; sourceTree = "<group>"; };
		AD68460F2876049000F9607D /* MapKit.framework */ = {isa = PBXFileReference; lastKnownFileType = wrapper.framework; name = MapKit.framework; path = System/Library/Frameworks/MapKit.framework; sourceTree = SDKROOT; };
		AD6A1722289DBA90004218BE /* AnimationManager.swift */ = {isa = PBXFileReference; lastKnownFileType = sourcecode.swift; path = AnimationManager.swift; sourceTree = "<group>"; };
		AD9664BF2891971E00095319 /* PDFCreator.swift */ = {isa = PBXFileReference; lastKnownFileType = sourcecode.swift; path = PDFCreator.swift; sourceTree = "<group>"; };
		ADABA2CF2876209800449CDA /* pageFlip.mp3 */ = {isa = PBXFileReference; lastKnownFileType = audio.mp3; path = pageFlip.mp3; sourceTree = "<group>"; };
		ADABA2D1287620D800449CDA /* SoundEffects.swift */ = {isa = PBXFileReference; lastKnownFileType = sourcecode.swift; path = SoundEffects.swift; sourceTree = "<group>"; };
		ADABA2D32876229F00449CDA /* deletion.mp3 */ = {isa = PBXFileReference; lastKnownFileType = audio.mp3; path = deletion.mp3; sourceTree = "<group>"; };
		ADABA2D42876229F00449CDA /* bookClose.mp3 */ = {isa = PBXFileReference; lastKnownFileType = audio.mp3; path = bookClose.mp3; sourceTree = "<group>"; };
		ADD449A528733878006930F0 /* ChaptersViewController.swift */ = {isa = PBXFileReference; lastKnownFileType = sourcecode.swift; path = ChaptersViewController.swift; sourceTree = "<group>"; };
		ADD449A728734304006930F0 /* CoreDataManager.swift */ = {isa = PBXFileReference; lastKnownFileType = sourcecode.swift; path = CoreDataManager.swift; sourceTree = "<group>"; };
		ADECEF48287DE39600AC692E /* Extensions.swift */ = {isa = PBXFileReference; lastKnownFileType = sourcecode.swift; path = Extensions.swift; sourceTree = "<group>"; };
		ADF0EC5D2873648E00739526 /* NoteViewController.swift */ = {isa = PBXFileReference; lastKnownFileType = sourcecode.swift; path = NoteViewController.swift; sourceTree = "<group>"; };
		C707B4B87A2E5F043AE5B513 /* Pods_Bookie.framework */ = {isa = PBXFileReference; explicitFileType = wrapper.framework; includeInIndex = 0; path = Pods_Bookie.framework; sourceTree = BUILT_PRODUCTS_DIR; };
/* End PBXFileReference section */

/* Begin PBXFrameworksBuildPhase section */
		AD61C4FF28732CC200978F46 /* Frameworks */ = {
			isa = PBXFrameworksBuildPhase;
			buildActionMask = 2147483647;
			files = (
				AD529F8D2887044E00EB3C63 /* NotesTextView.framework in Frameworks */,
				AD6846102876049000F9607D /* MapKit.framework in Frameworks */,
				8ABADE22DD3BEB63DA901772 /* Pods_Bookie.framework in Frameworks */,
			);
			runOnlyForDeploymentPostprocessing = 0;
		};
/* End PBXFrameworksBuildPhase section */

/* Begin PBXGroup section */
		AD61C4F928732CC200978F46 = {
			isa = PBXGroup;
			children = (
				AD529F8F28870E3900EB3C63 /* ReadMe.md */,
				ADABA2D42876229F00449CDA /* bookClose.mp3 */,
				ADABA2D32876229F00449CDA /* deletion.mp3 */,
				ADABA2CF2876209800449CDA /* pageFlip.mp3 */,
				AD61C50428732CC200978F46 /* Bookie */,
				AD61C50328732CC200978F46 /* Products */,
				AD68460E2876049000F9607D /* Frameworks */,
				CC6FF0C9B8B4F0C263BBF53D /* Pods */,
			);
			sourceTree = "<group>";
		};
		AD61C50328732CC200978F46 /* Products */ = {
			isa = PBXGroup;
			children = (
				AD61C50228732CC200978F46 /* Bookie.app */,
			);
			name = Products;
			sourceTree = "<group>";
		};
		AD61C50428732CC200978F46 /* Bookie */ = {
			isa = PBXGroup;
			children = (
				AD38045E2878B5CA00054ABC /* Bookie.entitlements */,
				AD61C50528732CC200978F46 /* AppDelegate.swift */,
				AD61C50728732CC200978F46 /* SceneDelegate.swift */,
				ADD449A928734309006930F0 /* Model */,
				AD61C51F28732DA200978F46 /* Controller */,
				AD61C51C28732D0300978F46 /* View */,
				AD61C51128732CC700978F46 /* Assets.xcassets */,
				AD61C51628732CC700978F46 /* Info.plist */,
				AD61C50E28732CC200978F46 /* Bookie.xcdatamodeld */,
			);
			path = Bookie;
			sourceTree = "<group>";
		};
		AD61C51C28732D0300978F46 /* View */ = {
			isa = PBXGroup;
			children = (
				AD61C51328732CC700978F46 /* LaunchScreen.storyboard */,
				AD61C50B28732CC200978F46 /* Main.storyboard */,
				AD3AB867287495190082C8D6 /* BookCell.swift */,
			);
			path = View;
			sourceTree = "<group>";
		};
		AD61C51F28732DA200978F46 /* Controller */ = {
			isa = PBXGroup;
			children = (
				AD61C51D28732D4A00978F46 /* BookShelfViewController.swift */,
				ADD449A528733878006930F0 /* ChaptersViewController.swift */,
				ADF0EC5D2873648E00739526 /* NoteViewController.swift */,
				AD3AB869287496110082C8D6 /* SearchViewController.swift */,
				AD442CB4289ACE27005198C1 /* NavigationController.swift */,
			);
			path = Controller;
			sourceTree = "<group>";
		};
		AD68460E2876049000F9607D /* Frameworks */ = {
			isa = PBXGroup;
			children = (
				AD68460F2876049000F9607D /* MapKit.framework */,
				AD529F8B2887042B00EB3C63 /* NotesTextView.framework */,
				C707B4B87A2E5F043AE5B513 /* Pods_Bookie.framework */,
			);
			name = Frameworks;
			sourceTree = "<group>";
		};
		ADD449A928734309006930F0 /* Model */ = {
			isa = PBXGroup;
			children = (
				ADD449A728734304006930F0 /* CoreDataManager.swift */,
				AD9664BF2891971E00095319 /* PDFCreator.swift */,
				AD3AB86B2874971E0082C8D6 /* BookSearch.swift */,
				AD3AB86F2874AB050082C8D6 /* SearchResponse.swift */,
				AD3AB86D28749A1C0082C8D6 /* NetworkRequest.swift */,
				AD3AB871287500040082C8D6 /* Constants&Colors.swift */,
				AD6A1722289DBA90004218BE /* AnimationManager.swift */,
				ADABA2D1287620D800449CDA /* SoundEffects.swift */,
				ADECEF48287DE39600AC692E /* Extensions.swift */,
			);
			path = Model;
			sourceTree = "<group>";
		};
		CC6FF0C9B8B4F0C263BBF53D /* Pods */ = {
			isa = PBXGroup;
			children = (
				28E136428F782B952285FE47 /* Pods-Bookie.debug.xcconfig */,
				316E0F8523B4E0A3681011A0 /* Pods-Bookie.release.xcconfig */,
			);
			path = Pods;
			sourceTree = "<group>";
		};
/* End PBXGroup section */

/* Begin PBXNativeTarget section */
		AD61C50128732CC200978F46 /* Bookie */ = {
			isa = PBXNativeTarget;
			buildConfigurationList = AD61C51928732CC700978F46 /* Build configuration list for PBXNativeTarget "Bookie" */;
			buildPhases = (
				5A53DE48C9C6036528BAA7F2 /* [CP] Check Pods Manifest.lock */,
				AD61C4FE28732CC200978F46 /* Sources */,
				AD61C4FF28732CC200978F46 /* Frameworks */,
				AD61C50028732CC200978F46 /* Resources */,
				AD529F862885FC4500EB3C63 /* Embed Frameworks */,
				85D3F884E144845A51FB153D /* [CP] Embed Pods Frameworks */,
			);
			buildRules = (
			);
			dependencies = (
			);
			name = Bookie;
			productName = Bookie;
			productReference = AD61C50228732CC200978F46 /* Bookie.app */;
			productType = "com.apple.product-type.application";
		};
/* End PBXNativeTarget section */

/* Begin PBXProject section */
		AD61C4FA28732CC200978F46 /* Project object */ = {
			isa = PBXProject;
			attributes = {
				BuildIndependentTargetsInParallel = 1;
				LastSwiftUpdateCheck = 1340;
				LastUpgradeCheck = 1340;
				TargetAttributes = {
					AD61C50128732CC200978F46 = {
						CreatedOnToolsVersion = 13.4.1;
					};
				};
			};
			buildConfigurationList = AD61C4FD28732CC200978F46 /* Build configuration list for PBXProject "Bookie" */;
			compatibilityVersion = "Xcode 13.0";
			developmentRegion = en;
			hasScannedForEncodings = 0;
			knownRegions = (
				en,
				Base,
			);
			mainGroup = AD61C4F928732CC200978F46;
			productRefGroup = AD61C50328732CC200978F46 /* Products */;
			projectDirPath = "";
			projectRoot = "";
			targets = (
				AD61C50128732CC200978F46 /* Bookie */,
			);
		};
/* End PBXProject section */

/* Begin PBXResourcesBuildPhase section */
		AD61C50028732CC200978F46 /* Resources */ = {
			isa = PBXResourcesBuildPhase;
			buildActionMask = 2147483647;
			files = (
				ADABA2D52876229F00449CDA /* deletion.mp3 in Resources */,
				ADABA2D62876229F00449CDA /* bookClose.mp3 in Resources */,
				ADABA2D02876209800449CDA /* pageFlip.mp3 in Resources */,
				AD61C51528732CC700978F46 /* LaunchScreen.storyboard in Resources */,
				AD61C51228732CC700978F46 /* Assets.xcassets in Resources */,
				AD61C50D28732CC200978F46 /* Main.storyboard in Resources */,
			);
			runOnlyForDeploymentPostprocessing = 0;
		};
/* End PBXResourcesBuildPhase section */

/* Begin PBXShellScriptBuildPhase section */
		5A53DE48C9C6036528BAA7F2 /* [CP] Check Pods Manifest.lock */ = {
			isa = PBXShellScriptBuildPhase;
			buildActionMask = 2147483647;
			files = (
			);
			inputFileListPaths = (
			);
			inputPaths = (
				"${PODS_PODFILE_DIR_PATH}/Podfile.lock",
				"${PODS_ROOT}/Manifest.lock",
			);
			name = "[CP] Check Pods Manifest.lock";
			outputFileListPaths = (
			);
			outputPaths = (
				"$(DERIVED_FILE_DIR)/Pods-Bookie-checkManifestLockResult.txt",
			);
			runOnlyForDeploymentPostprocessing = 0;
			shellPath = /bin/sh;
			shellScript = "diff \"${PODS_PODFILE_DIR_PATH}/Podfile.lock\" \"${PODS_ROOT}/Manifest.lock\" > /dev/null\nif [ $? != 0 ] ; then\n    # print error to STDERR\n    echo \"error: The sandbox is not in sync with the Podfile.lock. Run 'pod install' or update your CocoaPods installation.\" >&2\n    exit 1\nfi\n# This output is used by Xcode 'outputs' to avoid re-running this script phase.\necho \"SUCCESS\" > \"${SCRIPT_OUTPUT_FILE_0}\"\n";
			showEnvVarsInLog = 0;
		};
		85D3F884E144845A51FB153D /* [CP] Embed Pods Frameworks */ = {
			isa = PBXShellScriptBuildPhase;
			buildActionMask = 2147483647;
			files = (
			);
			inputFileListPaths = (
				"${PODS_ROOT}/Target Support Files/Pods-Bookie/Pods-Bookie-frameworks-${CONFIGURATION}-input-files.xcfilelist",
			);
			name = "[CP] Embed Pods Frameworks";
			outputFileListPaths = (
				"${PODS_ROOT}/Target Support Files/Pods-Bookie/Pods-Bookie-frameworks-${CONFIGURATION}-output-files.xcfilelist",
			);
			runOnlyForDeploymentPostprocessing = 0;
			shellPath = /bin/sh;
			shellScript = "\"${PODS_ROOT}/Target Support Files/Pods-Bookie/Pods-Bookie-frameworks.sh\"\n";
			showEnvVarsInLog = 0;
		};
/* End PBXShellScriptBuildPhase section */

/* Begin PBXSourcesBuildPhase section */
		AD61C4FE28732CC200978F46 /* Sources */ = {
			isa = PBXSourcesBuildPhase;
			buildActionMask = 2147483647;
			files = (
				ADF0EC5E2873648E00739526 /* NoteViewController.swift in Sources */,
				AD3AB868287495190082C8D6 /* BookCell.swift in Sources */,
				ADD449A828734304006930F0 /* CoreDataManager.swift in Sources */,
				AD3AB86A287496110082C8D6 /* SearchViewController.swift in Sources */,
				AD61C51E28732D4A00978F46 /* BookShelfViewController.swift in Sources */,
				AD442CB5289ACE27005198C1 /* NavigationController.swift in Sources */,
				AD6A1723289DBA90004218BE /* AnimationManager.swift in Sources */,
				AD9664C02891971E00095319 /* PDFCreator.swift in Sources */,
				AD61C51028732CC200978F46 /* Bookie.xcdatamodeld in Sources */,
				AD3AB86C2874971E0082C8D6 /* BookSearch.swift in Sources */,
				AD3AB872287500040082C8D6 /* Constants&Colors.swift in Sources */,
				AD61C50628732CC200978F46 /* AppDelegate.swift in Sources */,
				AD3AB8702874AB050082C8D6 /* SearchResponse.swift in Sources */,
				ADECEF49287DE39600AC692E /* Extensions.swift in Sources */,
				ADABA2D2287620D800449CDA /* SoundEffects.swift in Sources */,
				AD3AB86E28749A1C0082C8D6 /* NetworkRequest.swift in Sources */,
				ADD449A628733878006930F0 /* ChaptersViewController.swift in Sources */,
				AD61C50828732CC200978F46 /* SceneDelegate.swift in Sources */,
			);
			runOnlyForDeploymentPostprocessing = 0;
		};
/* End PBXSourcesBuildPhase section */

/* Begin PBXVariantGroup section */
		AD61C50B28732CC200978F46 /* Main.storyboard */ = {
			isa = PBXVariantGroup;
			children = (
				AD61C50C28732CC200978F46 /* Base */,
			);
			name = Main.storyboard;
			sourceTree = "<group>";
		};
		AD61C51328732CC700978F46 /* LaunchScreen.storyboard */ = {
			isa = PBXVariantGroup;
			children = (
				AD61C51428732CC700978F46 /* Base */,
			);
			name = LaunchScreen.storyboard;
			sourceTree = "<group>";
		};
/* End PBXVariantGroup section */

/* Begin XCBuildConfiguration section */
		AD61C51728732CC700978F46 /* Debug */ = {
			isa = XCBuildConfiguration;
			buildSettings = {
				ALWAYS_SEARCH_USER_PATHS = NO;
				CLANG_ANALYZER_NONNULL = YES;
				CLANG_ANALYZER_NUMBER_OBJECT_CONVERSION = YES_AGGRESSIVE;
				CLANG_CXX_LANGUAGE_STANDARD = "gnu++17";
				CLANG_ENABLE_MODULES = YES;
				CLANG_ENABLE_OBJC_ARC = YES;
				CLANG_ENABLE_OBJC_WEAK = YES;
				CLANG_WARN_BLOCK_CAPTURE_AUTORELEASING = YES;
				CLANG_WARN_BOOL_CONVERSION = YES;
				CLANG_WARN_COMMA = YES;
				CLANG_WARN_CONSTANT_CONVERSION = YES;
				CLANG_WARN_DEPRECATED_OBJC_IMPLEMENTATIONS = YES;
				CLANG_WARN_DIRECT_OBJC_ISA_USAGE = YES_ERROR;
				CLANG_WARN_DOCUMENTATION_COMMENTS = YES;
				CLANG_WARN_EMPTY_BODY = YES;
				CLANG_WARN_ENUM_CONVERSION = YES;
				CLANG_WARN_INFINITE_RECURSION = YES;
				CLANG_WARN_INT_CONVERSION = YES;
				CLANG_WARN_NON_LITERAL_NULL_CONVERSION = YES;
				CLANG_WARN_OBJC_IMPLICIT_RETAIN_SELF = YES;
				CLANG_WARN_OBJC_LITERAL_CONVERSION = YES;
				CLANG_WARN_OBJC_ROOT_CLASS = YES_ERROR;
				CLANG_WARN_QUOTED_INCLUDE_IN_FRAMEWORK_HEADER = YES;
				CLANG_WARN_RANGE_LOOP_ANALYSIS = YES;
				CLANG_WARN_STRICT_PROTOTYPES = YES;
				CLANG_WARN_SUSPICIOUS_MOVE = YES;
				CLANG_WARN_UNGUARDED_AVAILABILITY = YES_AGGRESSIVE;
				CLANG_WARN_UNREACHABLE_CODE = YES;
				CLANG_WARN__DUPLICATE_METHOD_MATCH = YES;
				COPY_PHASE_STRIP = NO;
				DEBUG_INFORMATION_FORMAT = dwarf;
				ENABLE_STRICT_OBJC_MSGSEND = YES;
				ENABLE_TESTABILITY = YES;
				GCC_C_LANGUAGE_STANDARD = gnu11;
				GCC_DYNAMIC_NO_PIC = NO;
				GCC_NO_COMMON_BLOCKS = YES;
				GCC_OPTIMIZATION_LEVEL = 0;
				GCC_PREPROCESSOR_DEFINITIONS = (
					"DEBUG=1",
					"$(inherited)",
				);
				GCC_WARN_64_TO_32_BIT_CONVERSION = YES;
				GCC_WARN_ABOUT_RETURN_TYPE = YES_ERROR;
				GCC_WARN_UNDECLARED_SELECTOR = YES;
				GCC_WARN_UNINITIALIZED_AUTOS = YES_AGGRESSIVE;
				GCC_WARN_UNUSED_FUNCTION = YES;
				GCC_WARN_UNUSED_VARIABLE = YES;
				IPHONEOS_DEPLOYMENT_TARGET = 15.5;
				MTL_ENABLE_DEBUG_INFO = INCLUDE_SOURCE;
				MTL_FAST_MATH = YES;
				ONLY_ACTIVE_ARCH = YES;
				SDKROOT = iphoneos;
				SWIFT_ACTIVE_COMPILATION_CONDITIONS = DEBUG;
				SWIFT_OPTIMIZATION_LEVEL = "-Onone";
			};
			name = Debug;
		};
		AD61C51828732CC700978F46 /* Release */ = {
			isa = XCBuildConfiguration;
			buildSettings = {
				ALWAYS_SEARCH_USER_PATHS = NO;
				CLANG_ANALYZER_NONNULL = YES;
				CLANG_ANALYZER_NUMBER_OBJECT_CONVERSION = YES_AGGRESSIVE;
				CLANG_CXX_LANGUAGE_STANDARD = "gnu++17";
				CLANG_ENABLE_MODULES = YES;
				CLANG_ENABLE_OBJC_ARC = YES;
				CLANG_ENABLE_OBJC_WEAK = YES;
				CLANG_WARN_BLOCK_CAPTURE_AUTORELEASING = YES;
				CLANG_WARN_BOOL_CONVERSION = YES;
				CLANG_WARN_COMMA = YES;
				CLANG_WARN_CONSTANT_CONVERSION = YES;
				CLANG_WARN_DEPRECATED_OBJC_IMPLEMENTATIONS = YES;
				CLANG_WARN_DIRECT_OBJC_ISA_USAGE = YES_ERROR;
				CLANG_WARN_DOCUMENTATION_COMMENTS = YES;
				CLANG_WARN_EMPTY_BODY = YES;
				CLANG_WARN_ENUM_CONVERSION = YES;
				CLANG_WARN_INFINITE_RECURSION = YES;
				CLANG_WARN_INT_CONVERSION = YES;
				CLANG_WARN_NON_LITERAL_NULL_CONVERSION = YES;
				CLANG_WARN_OBJC_IMPLICIT_RETAIN_SELF = YES;
				CLANG_WARN_OBJC_LITERAL_CONVERSION = YES;
				CLANG_WARN_OBJC_ROOT_CLASS = YES_ERROR;
				CLANG_WARN_QUOTED_INCLUDE_IN_FRAMEWORK_HEADER = YES;
				CLANG_WARN_RANGE_LOOP_ANALYSIS = YES;
				CLANG_WARN_STRICT_PROTOTYPES = YES;
				CLANG_WARN_SUSPICIOUS_MOVE = YES;
				CLANG_WARN_UNGUARDED_AVAILABILITY = YES_AGGRESSIVE;
				CLANG_WARN_UNREACHABLE_CODE = YES;
				CLANG_WARN__DUPLICATE_METHOD_MATCH = YES;
				COPY_PHASE_STRIP = NO;
				DEBUG_INFORMATION_FORMAT = "dwarf-with-dsym";
				ENABLE_NS_ASSERTIONS = NO;
				ENABLE_STRICT_OBJC_MSGSEND = YES;
				GCC_C_LANGUAGE_STANDARD = gnu11;
				GCC_NO_COMMON_BLOCKS = YES;
				GCC_WARN_64_TO_32_BIT_CONVERSION = YES;
				GCC_WARN_ABOUT_RETURN_TYPE = YES_ERROR;
				GCC_WARN_UNDECLARED_SELECTOR = YES;
				GCC_WARN_UNINITIALIZED_AUTOS = YES_AGGRESSIVE;
				GCC_WARN_UNUSED_FUNCTION = YES;
				GCC_WARN_UNUSED_VARIABLE = YES;
				IPHONEOS_DEPLOYMENT_TARGET = 15.5;
				MTL_ENABLE_DEBUG_INFO = NO;
				MTL_FAST_MATH = YES;
				SDKROOT = iphoneos;
				SWIFT_COMPILATION_MODE = wholemodule;
				SWIFT_OPTIMIZATION_LEVEL = "-O";
				VALIDATE_PRODUCT = YES;
			};
			name = Release;
		};
		AD61C51A28732CC700978F46 /* Debug */ = {
			isa = XCBuildConfiguration;
			baseConfigurationReference = 28E136428F782B952285FE47 /* Pods-Bookie.debug.xcconfig */;
			buildSettings = {
				ASSETCATALOG_COMPILER_APPICON_NAME = AppIcon;
				ASSETCATALOG_COMPILER_GLOBAL_ACCENT_COLOR_NAME = AccentColor;
				CODE_SIGN_ENTITLEMENTS = Bookie/Bookie.entitlements;
				CODE_SIGN_STYLE = Automatic;
				CURRENT_PROJECT_VERSION = 1;
				DEVELOPMENT_TEAM = QN76D24532;
				FRAMEWORK_SEARCH_PATHS = (
					"$(inherited)",
					"$(PROJECT_DIR)",
				);
				GENERATE_INFOPLIST_FILE = YES;
				INFOPLIST_FILE = Bookie/Info.plist;
				INFOPLIST_KEY_UIApplicationSupportsIndirectInputEvents = YES;
				INFOPLIST_KEY_UILaunchStoryboardName = LaunchScreen;
				INFOPLIST_KEY_UIMainStoryboardFile = Main;
				INFOPLIST_KEY_UISupportedInterfaceOrientations_iPad = "UIInterfaceOrientationPortrait UIInterfaceOrientationPortraitUpsideDown UIInterfaceOrientationLandscapeLeft UIInterfaceOrientationLandscapeRight";
				INFOPLIST_KEY_UISupportedInterfaceOrientations_iPhone = "UIInterfaceOrientationPortrait UIInterfaceOrientationLandscapeLeft UIInterfaceOrientationLandscapeRight";
				IPHONEOS_DEPLOYMENT_TARGET = 15.4;
				LD_RUNPATH_SEARCH_PATHS = (
					"$(inherited)",
					"@executable_path/Frameworks",
				);
				MARKETING_VERSION = 1.0;
				PRODUCT_BUNDLE_IDENTIFIER = com.example.BookieMike;
				PRODUCT_NAME = "$(TARGET_NAME)";
				SUPPORTS_MACCATALYST = YES;
				SUPPORTS_MAC_DESIGNED_FOR_IPHONE_IPAD = YES;
				SWIFT_EMIT_LOC_STRINGS = YES;
				SWIFT_VERSION = 5.0;
				TARGETED_DEVICE_FAMILY = "1,2";
				VALIDATE_WORKSPACE = NO;
			};
			name = Debug;
		};
		AD61C51B28732CC700978F46 /* Release */ = {
			isa = XCBuildConfiguration;
			baseConfigurationReference = 316E0F8523B4E0A3681011A0 /* Pods-Bookie.release.xcconfig */;
			buildSettings = {
				ASSETCATALOG_COMPILER_APPICON_NAME = AppIcon;
				ASSETCATALOG_COMPILER_GLOBAL_ACCENT_COLOR_NAME = AccentColor;
				CODE_SIGN_ENTITLEMENTS = Bookie/Bookie.entitlements;
				CODE_SIGN_STYLE = Automatic;
				CURRENT_PROJECT_VERSION = 1;
				DEVELOPMENT_TEAM = QN76D24532;
				FRAMEWORK_SEARCH_PATHS = (
					"$(inherited)",
					"$(PROJECT_DIR)",
				);
				GENERATE_INFOPLIST_FILE = YES;
				INFOPLIST_FILE = Bookie/Info.plist;
				INFOPLIST_KEY_UIApplicationSupportsIndirectInputEvents = YES;
				INFOPLIST_KEY_UILaunchStoryboardName = LaunchScreen;
				INFOPLIST_KEY_UIMainStoryboardFile = Main;
				INFOPLIST_KEY_UISupportedInterfaceOrientations_iPad = "UIInterfaceOrientationPortrait UIInterfaceOrientationPortraitUpsideDown UIInterfaceOrientationLandscapeLeft UIInterfaceOrientationLandscapeRight";
				INFOPLIST_KEY_UISupportedInterfaceOrientations_iPhone = "UIInterfaceOrientationPortrait UIInterfaceOrientationLandscapeLeft UIInterfaceOrientationLandscapeRight";
				IPHONEOS_DEPLOYMENT_TARGET = 15.4;
				LD_RUNPATH_SEARCH_PATHS = (
					"$(inherited)",
					"@executable_path/Frameworks",
				);
				MARKETING_VERSION = 1.0;
				PRODUCT_BUNDLE_IDENTIFIER = com.example.BookieMike;
				PRODUCT_NAME = "$(TARGET_NAME)";
				SUPPORTS_MACCATALYST = YES;
				SUPPORTS_MAC_DESIGNED_FOR_IPHONE_IPAD = YES;
				SWIFT_EMIT_LOC_STRINGS = YES;
				SWIFT_VERSION = 5.0;
				TARGETED_DEVICE_FAMILY = "1,2";
				VALIDATE_WORKSPACE = NO;
			};
			name = Release;
		};
/* End XCBuildConfiguration section */

/* Begin XCConfigurationList section */
		AD61C4FD28732CC200978F46 /* Build configuration list for PBXProject "Bookie" */ = {
			isa = XCConfigurationList;
			buildConfigurations = (
				AD61C51728732CC700978F46 /* Debug */,
				AD61C51828732CC700978F46 /* Release */,
			);
			defaultConfigurationIsVisible = 0;
			defaultConfigurationName = Release;
		};
		AD61C51928732CC700978F46 /* Build configuration list for PBXNativeTarget "Bookie" */ = {
			isa = XCConfigurationList;
			buildConfigurations = (
				AD61C51A28732CC700978F46 /* Debug */,
				AD61C51B28732CC700978F46 /* Release */,
			);
			defaultConfigurationIsVisible = 0;
			defaultConfigurationName = Release;
		};
/* End XCConfigurationList section */

/* Begin XCVersionGroup section */
		AD61C50E28732CC200978F46 /* Bookie.xcdatamodeld */ = {
			isa = XCVersionGroup;
			children = (
				AD61C50F28732CC200978F46 /* Bookie.xcdatamodel */,
			);
			currentVersion = AD61C50F28732CC200978F46 /* Bookie.xcdatamodel */;
			path = Bookie.xcdatamodeld;
			sourceTree = "<group>";
			versionGroupType = wrapper.xcdatamodel;
		};
/* End XCVersionGroup section */
	};
	rootObject = AD61C4FA28732CC200978F46 /* Project object */;
}
