// !$*UTF8*$!
{
	archiveVersion = 1;
	classes = {
	};
	objectVersion = 55;
	objects = {

/* Begin PBXBuildFile section */
		AD61C50628732CC200978F46 /* AppDelegate.swift in Sources */ = {isa = PBXBuildFile; fileRef = AD61C50528732CC200978F46 /* AppDelegate.swift */; };
		AD61C50828732CC200978F46 /* SceneDelegate.swift in Sources */ = {isa = PBXBuildFile; fileRef = AD61C50728732CC200978F46 /* SceneDelegate.swift */; };
		AD61C50D28732CC200978F46 /* Main.storyboard in Resources */ = {isa = PBXBuildFile; fileRef = AD61C50B28732CC200978F46 /* Main.storyboard */; };
		AD61C51028732CC200978F46 /* Bookie.xcdatamodeld in Sources */ = {isa = PBXBuildFile; fileRef = AD61C50E28732CC200978F46 /* Bookie.xcdatamodeld */; };
		AD61C51228732CC700978F46 /* Assets.xcassets in Resources */ = {isa = PBXBuildFile; fileRef = AD61C51128732CC700978F46 /* Assets.xcassets */; };
		AD61C51528732CC700978F46 /* LaunchScreen.storyboard in Resources */ = {isa = PBXBuildFile; fileRef = AD61C51328732CC700978F46 /* LaunchScreen.storyboard */; };
		AD61C51E28732D4A00978F46 /* BookShelfViewController.swift in Sources */ = {isa = PBXBuildFile; fileRef = AD61C51D28732D4A00978F46 /* BookShelfViewController.swift */; };
		ADD449A628733878006930F0 /* ChaptersViewController.swift in Sources */ = {isa = PBXBuildFile; fileRef = ADD449A528733878006930F0 /* ChaptersViewController.swift */; };
		ADD449A828734304006930F0 /* CoreDataManager.swift in Sources */ = {isa = PBXBuildFile; fileRef = ADD449A728734304006930F0 /* CoreDataManager.swift */; };
		ADF0EC5E2873648E00739526 /* NoteViewController.swift in Sources */ = {isa = PBXBuildFile; fileRef = ADF0EC5D2873648E00739526 /* NoteViewController.swift */; };
/* End PBXBuildFile section */

/* Begin PBXFileReference section */
		AD61C50228732CC200978F46 /* Bookie.app */ = {isa = PBXFileReference; explicitFileType = wrapper.application; includeInIndex = 0; path = Bookie.app; sourceTree = BUILT_PRODUCTS_DIR; };
		AD61C50528732CC200978F46 /* AppDelegate.swift */ = {isa = PBXFileReference; lastKnownFileType = sourcecode.swift; path = AppDelegate.swift; sourceTree = "<group>"; };
		AD61C50728732CC200978F46 /* SceneDelegate.swift */ = {isa = PBXFileReference; lastKnownFileType = sourcecode.swift; path = SceneDelegate.swift; sourceTree = "<group>"; };
		AD61C50C28732CC200978F46 /* Base */ = {isa = PBXFileReference; lastKnownFileType = file.storyboard; name = Base; path = Base.lproj/Main.storyboard; sourceTree = "<group>"; };
		AD61C50F28732CC200978F46 /* Bookie.xcdatamodel */ = {isa = PBXFileReference; lastKnownFileType = wrapper.xcdatamodel; path = Bookie.xcdatamodel; sourceTree = "<group>"; };
		AD61C51128732CC700978F46 /* Assets.xcassets */ = {isa = PBXFileReference; lastKnownFileType = folder.assetcatalog; path = Assets.xcassets; sourceTree = "<group>"; };
		AD61C51428732CC700978F46 /* Base */ = {isa = PBXFileReference; lastKnownFileType = file.storyboard; name = Base; path = Base.lproj/LaunchScreen.storyboard; sourceTree = "<group>"; };
		AD61C51628732CC700978F46 /* Info.plist */ = {isa = PBXFileReference; lastKnownFileType = text.plist.xml; path = Info.plist; sourceTree = "<group>"; };
		AD61C51D28732D4A00978F46 /* BookShelfViewController.swift */ = {isa = PBXFileReference; lastKnownFileType = sourcecode.swift; path = BookShelfViewController.swift; sourceTree = "<group>"; };
		ADD449A528733878006930F0 /* ChaptersViewController.swift */ = {isa = PBXFileReference; lastKnownFileType = sourcecode.swift; path = ChaptersViewController.swift; sourceTree = "<group>"; };
		ADD449A728734304006930F0 /* CoreDataManager.swift */ = {isa = PBXFileReference; lastKnownFileType = sourcecode.swift; path = CoreDataManager.swift; sourceTree = "<group>"; };
		ADF0EC5D2873648E00739526 /* NoteViewController.swift */ = {isa = PBXFileReference; lastKnownFileType = sourcecode.swift; path = NoteViewController.swift; sourceTree = "<group>"; };
/* End PBXFileReference section */

/* Begin PBXFrameworksBuildPhase section */
		AD61C4FF28732CC200978F46 /* Frameworks */ = {
			isa = PBXFrameworksBuildPhase;
			buildActionMask = 2147483647;
			files = (
			);
			runOnlyForDeploymentPostprocessing = 0;
		};
/* End PBXFrameworksBuildPhase section */

/* Begin PBXGroup section */
		AD61C4F928732CC200978F46 = {
			isa = PBXGroup;
			children = (
				AD61C50428732CC200978F46 /* Bookie */,
				AD61C50328732CC200978F46 /* Products */,
			);
			sourceTree = "<group>";
		};
		AD61C50328732CC200978F46 /* Products */ = {
			isa = PBXGroup;
			children = (
				AD61C50228732CC200978F46 /* Bookie.app */,
			);
			name = Products;
			sourceTree = "<group>";
		};
		AD61C50428732CC200978F46 /* Bookie */ = {
			isa = PBXGroup;
			children = (
				AD61C50528732CC200978F46 /* AppDelegate.swift */,
				AD61C50728732CC200978F46 /* SceneDelegate.swift */,
				ADD449A928734309006930F0 /* Model */,
				AD61C51F28732DA200978F46 /* Controller */,
				AD61C51C28732D0300978F46 /* View */,
				AD61C51128732CC700978F46 /* Assets.xcassets */,
				AD61C51628732CC700978F46 /* Info.plist */,
				AD61C50E28732CC200978F46 /* Bookie.xcdatamodeld */,
			);
			path = Bookie;
			sourceTree = "<group>";
		};
		AD61C51C28732D0300978F46 /* View */ = {
			isa = PBXGroup;
			children = (
				AD61C51328732CC700978F46 /* LaunchScreen.storyboard */,
				AD61C50B28732CC200978F46 /* Main.storyboard */,
			);
			path = View;
			sourceTree = "<group>";
		};
		AD61C51F28732DA200978F46 /* Controller */ = {
			isa = PBXGroup;
			children = (
				AD61C51D28732D4A00978F46 /* BookShelfViewController.swift */,
				ADF0EC5D2873648E00739526 /* NoteViewController.swift */,
				ADD449A528733878006930F0 /* ChaptersViewController.swift */,
			);
			path = Controller;
			sourceTree = "<group>";
		};
		ADD449A928734309006930F0 /* Model */ = {
			isa = PBXGroup;
			children = (
				ADD449A728734304006930F0 /* CoreDataManager.swift */,
			);
			path = Model;
			sourceTree = "<group>";
		};
/* End PBXGroup section */

/* Begin PBXNativeTarget section */
		AD61C50128732CC200978F46 /* Bookie */ = {
			isa = PBXNativeTarget;
			buildConfigurationList = AD61C51928732CC700978F46 /* Build configuration list for PBXNativeTarget "Bookie" */;
			buildPhases = (
				AD61C4FE28732CC200978F46 /* Sources */,
				AD61C4FF28732CC200978F46 /* Frameworks */,
				AD61C50028732CC200978F46 /* Resources */,
			);
			buildRules = (
			);
			dependencies = (
			);
			name = Bookie;
			productName = Bookie;
			productReference = AD61C50228732CC200978F46 /* Bookie.app */;
			productType = "com.apple.product-type.application";
		};
/* End PBXNativeTarget section */

/* Begin PBXProject section */
		AD61C4FA28732CC200978F46 /* Project object */ = {
			isa = PBXProject;
			attributes = {
				BuildIndependentTargetsInParallel = 1;
				LastSwiftUpdateCheck = 1340;
				LastUpgradeCheck = 1340;
				TargetAttributes = {
					AD61C50128732CC200978F46 = {
						CreatedOnToolsVersion = 13.4.1;
					};
				};
			};
			buildConfigurationList = AD61C4FD28732CC200978F46 /* Build configuration list for PBXProject "Bookie" */;
			compatibilityVersion = "Xcode 13.0";
			developmentRegion = en;
			hasScannedForEncodings = 0;
			knownRegions = (
				en,
				Base,
			);
			mainGroup = AD61C4F928732CC200978F46;
			productRefGroup = AD61C50328732CC200978F46 /* Products */;
			projectDirPath = "";
			projectRoot = "";
			targets = (
				AD61C50128732CC200978F46 /* Bookie */,
			);
		};
/* End PBXProject section */

/* Begin PBXResourcesBuildPhase section */
		AD61C50028732CC200978F46 /* Resources */ = {
			isa = PBXResourcesBuildPhase;
			buildActionMask = 2147483647;
			files = (
				AD61C51528732CC700978F46 /* LaunchScreen.storyboard in Resources */,
				AD61C51228732CC700978F46 /* Assets.xcassets in Resources */,
				AD61C50D28732CC200978F46 /* Main.storyboard in Resources */,
			);
			runOnlyForDeploymentPostprocessing = 0;
		};
/* End PBXResourcesBuildPhase section */

/* Begin PBXSourcesBuildPhase section */
		AD61C4FE28732CC200978F46 /* Sources */ = {
			isa = PBXSourcesBuildPhase;
			buildActionMask = 2147483647;
			files = (
				ADF0EC5E2873648E00739526 /* NoteViewController.swift in Sources */,
				ADD449A828734304006930F0 /* CoreDataManager.swift in Sources */,
				AD61C51E28732D4A00978F46 /* BookShelfViewController.swift in Sources */,
				AD61C51028732CC200978F46 /* Bookie.xcdatamodeld in Sources */,
				AD61C50628732CC200978F46 /* AppDelegate.swift in Sources */,
				ADD449A628733878006930F0 /* ChaptersViewController.swift in Sources */,
				AD61C50828732CC200978F46 /* SceneDelegate.swift in Sources */,
			);
			runOnlyForDeploymentPostprocessing = 0;
		};
/* End PBXSourcesBuildPhase section */

/* Begin PBXVariantGroup section */
		AD61C50B28732CC200978F46 /* Main.storyboard */ = {
			isa = PBXVariantGroup;
			children = (
				AD61C50C28732CC200978F46 /* Base */,
			);
			name = Main.storyboard;
			sourceTree = "<group>";
		};
		AD61C51328732CC700978F46 /* LaunchScreen.storyboard */ = {
			isa = PBXVariantGroup;
			children = (
				AD61C51428732CC700978F46 /* Base */,
			);
			name = LaunchScreen.storyboard;
			sourceTree = "<group>";
		};
/* End PBXVariantGroup section */

/* Begin XCBuildConfiguration section */
		AD61C51728732CC700978F46 /* Debug */ = {
			isa = XCBuildConfiguration;
			buildSettings = {
				ALWAYS_SEARCH_USER_PATHS = NO;
				CLANG_ANALYZER_NONNULL = YES;
				CLANG_ANALYZER_NUMBER_OBJECT_CONVERSION = YES_AGGRESSIVE;
				CLANG_CXX_LANGUAGE_STANDARD = "gnu++17";
				CLANG_ENABLE_MODULES = YES;
				CLANG_ENABLE_OBJC_ARC = YES;
				CLANG_ENABLE_OBJC_WEAK = YES;
				CLANG_WARN_BLOCK_CAPTURE_AUTORELEASING = YES;
				CLANG_WARN_BOOL_CONVERSION = YES;
				CLANG_WARN_COMMA = YES;
				CLANG_WARN_CONSTANT_CONVERSION = YES;
				CLANG_WARN_DEPRECATED_OBJC_IMPLEMENTATIONS = YES;
				CLANG_WARN_DIRECT_OBJC_ISA_USAGE = YES_ERROR;
				CLANG_WARN_DOCUMENTATION_COMMENTS = YES;
				CLANG_WARN_EMPTY_BODY = YES;
				CLANG_WARN_ENUM_CONVERSION = YES;
				CLANG_WARN_INFINITE_RECURSION = YES;
				CLANG_WARN_INT_CONVERSION = YES;
				CLANG_WARN_NON_LITERAL_NULL_CONVERSION = YES;
				CLANG_WARN_OBJC_IMPLICIT_RETAIN_SELF = YES;
				CLANG_WARN_OBJC_LITERAL_CONVERSION = YES;
				CLANG_WARN_OBJC_ROOT_CLASS = YES_ERROR;
				CLANG_WARN_QUOTED_INCLUDE_IN_FRAMEWORK_HEADER = YES;
				CLANG_WARN_RANGE_LOOP_ANALYSIS = YES;
				CLANG_WARN_STRICT_PROTOTYPES = YES;
				CLANG_WARN_SUSPICIOUS_MOVE = YES;
				CLANG_WARN_UNGUARDED_AVAILABILITY = YES_AGGRESSIVE;
				CLANG_WARN_UNREACHABLE_CODE = YES;
				CLANG_WARN__DUPLICATE_METHOD_MATCH = YES;
				COPY_PHASE_STRIP = NO;
				DEBUG_INFORMATION_FORMAT = dwarf;
				ENABLE_STRICT_OBJC_MSGSEND = YES;
				ENABLE_TESTABILITY = YES;
				GCC_C_LANGUAGE_STANDARD = gnu11;
				GCC_DYNAMIC_NO_PIC = NO;
				GCC_NO_COMMON_BLOCKS = YES;
				GCC_OPTIMIZATION_LEVEL = 0;
				GCC_PREPROCESSOR_DEFINITIONS = (
					"DEBUG=1",
					"$(inherited)",
				);
				GCC_WARN_64_TO_32_BIT_CONVERSION = YES;
				GCC_WARN_ABOUT_RETURN_TYPE = YES_ERROR;
				GCC_WARN_UNDECLARED_SELECTOR = YES;
				GCC_WARN_UNINITIALIZED_AUTOS = YES_AGGRESSIVE;
				GCC_WARN_UNUSED_FUNCTION = YES;
				GCC_WARN_UNUSED_VARIABLE = YES;
				IPHONEOS_DEPLOYMENT_TARGET = 15.5;
				MTL_ENABLE_DEBUG_INFO = INCLUDE_SOURCE;
				MTL_FAST_MATH = YES;
				ONLY_ACTIVE_ARCH = YES;
				SDKROOT = iphoneos;
				SWIFT_ACTIVE_COMPILATION_CONDITIONS = DEBUG;
				SWIFT_OPTIMIZATION_LEVEL = "-Onone";
			};
			name = Debug;
		};
		AD61C51828732CC700978F46 /* Release */ = {
			isa = XCBuildConfiguration;
			buildSettings = {
				ALWAYS_SEARCH_USER_PATHS = NO;
				CLANG_ANALYZER_NONNULL = YES;
				CLANG_ANALYZER_NUMBER_OBJECT_CONVERSION = YES_AGGRESSIVE;
				CLANG_CXX_LANGUAGE_STANDARD = "gnu++17";
				CLANG_ENABLE_MODULES = YES;
				CLANG_ENABLE_OBJC_ARC = YES;
				CLANG_ENABLE_OBJC_WEAK = YES;
				CLANG_WARN_BLOCK_CAPTURE_AUTORELEASING = YES;
				CLANG_WARN_BOOL_CONVERSION = YES;
				CLANG_WARN_COMMA = YES;
				CLANG_WARN_CONSTANT_CONVERSION = YES;
				CLANG_WARN_DEPRECATED_OBJC_IMPLEMENTATIONS = YES;
				CLANG_WARN_DIRECT_OBJC_ISA_USAGE = YES_ERROR;
				CLANG_WARN_DOCUMENTATION_COMMENTS = YES;
				CLANG_WARN_EMPTY_BODY = YES;
				CLANG_WARN_ENUM_CONVERSION = YES;
				CLANG_WARN_INFINITE_RECURSION = YES;
				CLANG_WARN_INT_CONVERSION = YES;
				CLANG_WARN_NON_LITERAL_NULL_CONVERSION = YES;
				CLANG_WARN_OBJC_IMPLICIT_RETAIN_SELF = YES;
				CLANG_WARN_OBJC_LITERAL_CONVERSION = YES;
				CLANG_WARN_OBJC_ROOT_CLASS = YES_ERROR;
				CLANG_WARN_QUOTED_INCLUDE_IN_FRAMEWORK_HEADER = YES;
				CLANG_WARN_RANGE_LOOP_ANALYSIS = YES;
				CLANG_WARN_STRICT_PROTOTYPES = YES;
				CLANG_WARN_SUSPICIOUS_MOVE = YES;
				CLANG_WARN_UNGUARDED_AVAILABILITY = YES_AGGRESSIVE;
				CLANG_WARN_UNREACHABLE_CODE = YES;
				CLANG_WARN__DUPLICATE_METHOD_MATCH = YES;
				COPY_PHASE_STRIP = NO;
				DEBUG_INFORMATION_FORMAT = "dwarf-with-dsym";
				ENABLE_NS_ASSERTIONS = NO;
				ENABLE_STRICT_OBJC_MSGSEND = YES;
				GCC_C_LANGUAGE_STANDARD = gnu11;
				GCC_NO_COMMON_BLOCKS = YES;
				GCC_WARN_64_TO_32_BIT_CONVERSION = YES;
				GCC_WARN_ABOUT_RETURN_TYPE = YES_ERROR;
				GCC_WARN_UNDECLARED_SELECTOR = YES;
				GCC_WARN_UNINITIALIZED_AUTOS = YES_AGGRESSIVE;
				GCC_WARN_UNUSED_FUNCTION = YES;
				GCC_WARN_UNUSED_VARIABLE = YES;
				IPHONEOS_DEPLOYMENT_TARGET = 15.5;
				MTL_ENABLE_DEBUG_INFO = NO;
				MTL_FAST_MATH = YES;
				SDKROOT = iphoneos;
				SWIFT_COMPILATION_MODE = wholemodule;
				SWIFT_OPTIMIZATION_LEVEL = "-O";
				VALIDATE_PRODUCT = YES;
			};
			name = Release;
		};
		AD61C51A28732CC700978F46 /* Debug */ = {
			isa = XCBuildConfiguration;
			buildSettings = {
				ASSETCATALOG_COMPILER_APPICON_NAME = AppIcon;
				ASSETCATALOG_COMPILER_GLOBAL_ACCENT_COLOR_NAME = AccentColor;
				CODE_SIGN_STYLE = Automatic;
				CURRENT_PROJECT_VERSION = 1;
				DEVELOPMENT_TEAM = QN76D24532;
				GENERATE_INFOPLIST_FILE = YES;
				INFOPLIST_FILE = Bookie/Info.plist;
				INFOPLIST_KEY_UIApplicationSupportsIndirectInputEvents = YES;
				INFOPLIST_KEY_UILaunchStoryboardName = LaunchScreen;
				INFOPLIST_KEY_UIMainStoryboardFile = Main;
				INFOPLIST_KEY_UISupportedInterfaceOrientations_iPad = "UIInterfaceOrientationPortrait UIInterfaceOrientationPortraitUpsideDown UIInterfaceOrientationLandscapeLeft UIInterfaceOrientationLandscapeRight";
				INFOPLIST_KEY_UISupportedInterfaceOrientations_iPhone = "UIInterfaceOrientationPortrait UIInterfaceOrientationLandscapeLeft UIInterfaceOrientationLandscapeRight";
				LD_RUNPATH_SEARCH_PATHS = (
					"$(inherited)",
					"@executable_path/Frameworks",
				);
				MARKETING_VERSION = 1.0;
				PRODUCT_BUNDLE_IDENTIFIER = com.example.Bookie;
				PRODUCT_NAME = "$(TARGET_NAME)";
				SWIFT_EMIT_LOC_STRINGS = YES;
				SWIFT_VERSION = 5.0;
				TARGETED_DEVICE_FAMILY = "1,2";
			};
			name = Debug;
		};
		AD61C51B28732CC700978F46 /* Release */ = {
			isa = XCBuildConfiguration;
			buildSettings = {
				ASSETCATALOG_COMPILER_APPICON_NAME = AppIcon;
				ASSETCATALOG_COMPILER_GLOBAL_ACCENT_COLOR_NAME = AccentColor;
				CODE_SIGN_STYLE = Automatic;
				CURRENT_PROJECT_VERSION = 1;
				DEVELOPMENT_TEAM = QN76D24532;
				GENERATE_INFOPLIST_FILE = YES;
				INFOPLIST_FILE = Bookie/Info.plist;
				INFOPLIST_KEY_UIApplicationSupportsIndirectInputEvents = YES;
				INFOPLIST_KEY_UILaunchStoryboardName = LaunchScreen;
				INFOPLIST_KEY_UIMainStoryboardFile = Main;
				INFOPLIST_KEY_UISupportedInterfaceOrientations_iPad = "UIInterfaceOrientationPortrait UIInterfaceOrientationPortraitUpsideDown UIInterfaceOrientationLandscapeLeft UIInterfaceOrientationLandscapeRight";
				INFOPLIST_KEY_UISupportedInterfaceOrientations_iPhone = "UIInterfaceOrientationPortrait UIInterfaceOrientationLandscapeLeft UIInterfaceOrientationLandscapeRight";
				LD_RUNPATH_SEARCH_PATHS = (
					"$(inherited)",
					"@executable_path/Frameworks",
				);
				MARKETING_VERSION = 1.0;
				PRODUCT_BUNDLE_IDENTIFIER = com.example.Bookie;
				PRODUCT_NAME = "$(TARGET_NAME)";
				SWIFT_EMIT_LOC_STRINGS = YES;
				SWIFT_VERSION = 5.0;
				TARGETED_DEVICE_FAMILY = "1,2";
			};
			name = Release;
		};
/* End XCBuildConfiguration section */

/* Begin XCConfigurationList section */
		AD61C4FD28732CC200978F46 /* Build configuration list for PBXProject "Bookie" */ = {
			isa = XCConfigurationList;
			buildConfigurations = (
				AD61C51728732CC700978F46 /* Debug */,
				AD61C51828732CC700978F46 /* Release */,
			);
			defaultConfigurationIsVisible = 0;
			defaultConfigurationName = Release;
		};
		AD61C51928732CC700978F46 /* Build configuration list for PBXNativeTarget "Bookie" */ = {
			isa = XCConfigurationList;
			buildConfigurations = (
				AD61C51A28732CC700978F46 /* Debug */,
				AD61C51B28732CC700978F46 /* Release */,
			);
			defaultConfigurationIsVisible = 0;
			defaultConfigurationName = Release;
		};
/* End XCConfigurationList section */

/* Begin XCVersionGroup section */
		AD61C50E28732CC200978F46 /* Bookie.xcdatamodeld */ = {
			isa = XCVersionGroup;
			children = (
				AD61C50F28732CC200978F46 /* Bookie.xcdatamodel */,
			);
			currentVersion = AD61C50F28732CC200978F46 /* Bookie.xcdatamodel */;
			path = Bookie.xcdatamodeld;
			sourceTree = "<group>";
			versionGroupType = wrapper.xcdatamodel;
		};
/* End XCVersionGroup section */
	};
	rootObject = AD61C4FA28732CC200978F46 /* Project object */;
}
